
Microsoft Visual Studio Solution File, Format Version 12.00
# Visual Studio 15
VisualStudioVersion = 15.0.26730.16
MinimumVisualStudioVersion = 10.0.40219.1
Project("{FAE04EC0-301F-11D3-BF4B-00C04F79EFBC}") = "Udger.Parser.V3", "Udger.Parser.V3\Udger.Parser.V3.csproj", "{CD6E72D6-F7AD-44FB-AD43-A4182E90456D}"
EndProject
Project("{FAE04EC0-301F-11D3-BF4B-00C04F79EFBC}") = "UdgerConsoleTest", "UdgerConsoleTest\UdgerConsoleTest.csproj", "{F2F354C6-7A2C-4CDD-A692-DD1920D5EF36}"
EndProject
Project("{FAE04EC0-301F-11D3-BF4B-00C04F79EFBC}") = "UdgerDataTest", "UdgerDataTest\UdgerDataTest.csproj", "{FE8C51AD-6642-452A-ABDF-FDE182B79B9A}"
EndProject
Project("{FAE04EC0-301F-11D3-BF4B-00C04F79EFBC}") = "UdgerSpeedTest", "UdgerSpeedTest\UdgerSpeedTest.csproj", "{44CF7249-836F-4B72-A06D-0517397D2D22}"
EndProject
Global
	GlobalSection(SolutionConfigurationPlatforms) = preSolution
		Debug|Any CPU = Debug|Any CPU
		Release|Any CPU = Release|Any CPU
	EndGlobalSection
	GlobalSection(ProjectConfigurationPlatforms) = postSolution
		{CD6E72D6-F7AD-44FB-AD43-A4182E90456D}.Debug|Any CPU.ActiveCfg = Debug|Any CPU
		{CD6E72D6-F7AD-44FB-AD43-A4182E90456D}.Debug|Any CPU.Build.0 = Debug|Any CPU
		{CD6E72D6-F7AD-44FB-AD43-A4182E90456D}.Release|Any CPU.ActiveCfg = Release|Any CPU
		{CD6E72D6-F7AD-44FB-AD43-A4182E90456D}.Release|Any CPU.Build.0 = Release|Any CPU
		{F2F354C6-7A2C-4CDD-A692-DD1920D5EF36}.Debug|Any CPU.ActiveCfg = Debug|Any CPU
		{F2F354C6-7A2C-4CDD-A692-DD1920D5EF36}.Debug|Any CPU.Build.0 = Debug|Any CPU
		{F2F354C6-7A2C-4CDD-A692-DD1920D5EF36}.Release|Any CPU.ActiveCfg = Release|Any CPU
		{F2F354C6-7A2C-4CDD-A692-DD1920D5EF36}.Release|Any CPU.Build.0 = Release|Any CPU
		{FE8C51AD-6642-452A-ABDF-FDE182B79B9A}.Debug|Any CPU.ActiveCfg = Debug|Any CPU
		{FE8C51AD-6642-452A-ABDF-FDE182B79B9A}.Debug|Any CPU.Build.0 = Debug|Any CPU
		{FE8C51AD-6642-452A-ABDF-FDE182B79B9A}.Release|Any CPU.ActiveCfg = Release|Any CPU
		{FE8C51AD-6642-452A-ABDF-FDE182B79B9A}.Release|Any CPU.Build.0 = Release|Any CPU
		{44CF7249-836F-4B72-A06D-0517397D2D22}.Debug|Any CPU.ActiveCfg = Debug|Any CPU
		{44CF7249-836F-4B72-A06D-0517397D2D22}.Debug|Any CPU.Build.0 = Debug|Any CPU
		{44CF7249-836F-4B72-A06D-0517397D2D22}.Release|Any CPU.ActiveCfg = Release|Any CPU
		{44CF7249-836F-4B72-A06D-0517397D2D22}.Release|Any CPU.Build.0 = Release|Any CPU
	EndGlobalSection
	GlobalSection(SolutionProperties) = preSolution
		HideSolutionNode = FALSE
	EndGlobalSection
	GlobalSection(ExtensibilityGlobals) = postSolution
		SolutionGuid = {2CBD5FA8-5307-46C1-B3CB-79E60542CD78}
	EndGlobalSection
EndGlobal
